// !$*UTF8*$!
{
	archiveVersion = 1;
	classes = {
	};
	objectVersion = 50;
	objects = {

/* Begin PBXBuildFile section */
		06FF82FDBF6BCBCB7D13914E /* Pods_TVShows.framework in Frameworks */ = {isa = PBXBuildFile; fileRef = 2E84454A641FB7D1B88A12D2 /* Pods_TVShows.framework */; };
		C111FC1522D741EA0018CA11 /* Login.storyboard in Resources */ = {isa = PBXBuildFile; fileRef = C111FC1422D741EA0018CA11 /* Login.storyboard */; };
		C111FC1722D742010018CA11 /* LoginViewController.swift in Sources */ = {isa = PBXBuildFile; fileRef = C111FC1622D742010018CA11 /* LoginViewController.swift */; };
		C118886522DF0BF300E4DA74 /* PromiseKit+KeyPath.swift in Sources */ = {isa = PBXBuildFile; fileRef = C118886422DF0BF300E4DA74 /* PromiseKit+KeyPath.swift */; };
		C173BCAD22E3389100034F09 /* TVShow.swift in Sources */ = {isa = PBXBuildFile; fileRef = C173BCAC22E3389100034F09 /* TVShow.swift */; };
		C173BCB322E4783F00034F09 /* ShowScreens.storyboard in Resources */ = {isa = PBXBuildFile; fileRef = C173BCB222E4783F00034F09 /* ShowScreens.storyboard */; };
		C173BCB522E4786300034F09 /* ShowDetailsViewController.swift in Sources */ = {isa = PBXBuildFile; fileRef = C173BCB422E4786300034F09 /* ShowDetailsViewController.swift */; };
		C173BCB722E4946600034F09 /* TVShowTableViewEpisodeCell.swift in Sources */ = {isa = PBXBuildFile; fileRef = C173BCB622E4946600034F09 /* TVShowTableViewEpisodeCell.swift */; };
		C173BCBA22E4BD8400034F09 /* AddEpisodeScreen.storyboard in Resources */ = {isa = PBXBuildFile; fileRef = C173BCB922E4BD8400034F09 /* AddEpisodeScreen.storyboard */; };
		C173BCBC22E4BDDD00034F09 /* AddEpViewController.swift in Sources */ = {isa = PBXBuildFile; fileRef = C173BCBB22E4BDDD00034F09 /* AddEpViewController.swift */; };
		C17D631C22E7188C00519065 /* TVShowTableViewHeaderViewCell.swift in Sources */ = {isa = PBXBuildFile; fileRef = C17D631B22E7188C00519065 /* TVShowTableViewHeaderViewCell.swift */; };
		C1C3371B22CE5499000995D0 /* AppDelegate.swift in Sources */ = {isa = PBXBuildFile; fileRef = C1C3371A22CE5499000995D0 /* AppDelegate.swift */; };
		C1C3372222CE549A000995D0 /* Assets.xcassets in Resources */ = {isa = PBXBuildFile; fileRef = C1C3372122CE549A000995D0 /* Assets.xcassets */; };
		C1C3372522CE549A000995D0 /* LaunchScreen.storyboard in Resources */ = {isa = PBXBuildFile; fileRef = C1C3372322CE549A000995D0 /* LaunchScreen.storyboard */; };
		C1D760B222DB4F3C0036DB76 /* User.swift in Sources */ = {isa = PBXBuildFile; fileRef = C1D760B122DB4F3C0036DB76 /* User.swift */; };
		C1D760B522DB52F50036DB76 /* HomeScreen.storyboard in Resources */ = {isa = PBXBuildFile; fileRef = C1D760B422DB52F50036DB76 /* HomeScreen.storyboard */; };
		C1D760B722DB53600036DB76 /* HomeScreenViewController.swift in Sources */ = {isa = PBXBuildFile; fileRef = C1D760B622DB53600036DB76 /* HomeScreenViewController.swift */; };
		C1FB35FC22EB1C59006DC45E /* ShowGridLayoutCell.xib in Resources */ = {isa = PBXBuildFile; fileRef = C1FB35FB22EB1C59006DC45E /* ShowGridLayoutCell.xib */; };
		C1FB35FE22EB1CA5006DC45E /* ShowGridLayoutCell.swift in Sources */ = {isa = PBXBuildFile; fileRef = C1FB35FD22EB1CA5006DC45E /* ShowGridLayoutCell.swift */; };
		C1FB360022EB1ED5006DC45E /* ShowFlowLayoutCell.xib in Resources */ = {isa = PBXBuildFile; fileRef = C1FB35FF22EB1ED5006DC45E /* ShowFlowLayoutCell.xib */; };
		C1FB360222EB21C6006DC45E /* ShowFlowLayoutCell.swift in Sources */ = {isa = PBXBuildFile; fileRef = C1FB360122EB21C6006DC45E /* ShowFlowLayoutCell.swift */; };
		C1FB360522EBC686006DC45E /* EpisodeScreen.storyboard in Resources */ = {isa = PBXBuildFile; fileRef = C1FB360422EBC686006DC45E /* EpisodeScreen.storyboard */; };
		C1FB360722EBC6B2006DC45E /* EpisodeScreenViewController.swift in Sources */ = {isa = PBXBuildFile; fileRef = C1FB360622EBC6B2006DC45E /* EpisodeScreenViewController.swift */; };
		C1FB360A22ECCFEC006DC45E /* EpisodeComments.storyboard in Resources */ = {isa = PBXBuildFile; fileRef = C1FB360922ECCFEC006DC45E /* EpisodeComments.storyboard */; };
		C1FB360C22ECD015006DC45E /* EpisodeCommentsViewController.swift in Sources */ = {isa = PBXBuildFile; fileRef = C1FB360B22ECD015006DC45E /* EpisodeCommentsViewController.swift */; };
		C1FB361022ECD37B006DC45E /* EpisodeCommentCell.swift in Sources */ = {isa = PBXBuildFile; fileRef = C1FB360F22ECD37B006DC45E /* EpisodeCommentCell.swift */; };
/* End PBXBuildFile section */

/* Begin PBXFileReference section */
		06A6A8193B541B073ADDC8FE /* Pods-TVShows.release.xcconfig */ = {isa = PBXFileReference; includeInIndex = 1; lastKnownFileType = text.xcconfig; name = "Pods-TVShows.release.xcconfig"; path = "Target Support Files/Pods-TVShows/Pods-TVShows.release.xcconfig"; sourceTree = "<group>"; };
		0FC03C0170E43B43DD33AE8C /* Pods-TVShowsUITests.release.xcconfig */ = {isa = PBXFileReference; includeInIndex = 1; lastKnownFileType = text.xcconfig; name = "Pods-TVShowsUITests.release.xcconfig"; path = "Target Support Files/Pods-TVShowsUITests/Pods-TVShowsUITests.release.xcconfig"; sourceTree = "<group>"; };
		2E84454A641FB7D1B88A12D2 /* Pods_TVShows.framework */ = {isa = PBXFileReference; explicitFileType = wrapper.framework; includeInIndex = 0; path = Pods_TVShows.framework; sourceTree = BUILT_PRODUCTS_DIR; };
		5CC16744E623B232AEE53533 /* Pods_TVShowsUITests.framework */ = {isa = PBXFileReference; explicitFileType = wrapper.framework; includeInIndex = 0; path = Pods_TVShowsUITests.framework; sourceTree = BUILT_PRODUCTS_DIR; };
		A5FB2DC866CDDD02721968C3 /* Pods-TVShows.debug.xcconfig */ = {isa = PBXFileReference; includeInIndex = 1; lastKnownFileType = text.xcconfig; name = "Pods-TVShows.debug.xcconfig"; path = "Target Support Files/Pods-TVShows/Pods-TVShows.debug.xcconfig"; sourceTree = "<group>"; };
		BBC9D388F885D997E723BE48 /* Pods-TVShowsUITests.debug.xcconfig */ = {isa = PBXFileReference; includeInIndex = 1; lastKnownFileType = text.xcconfig; name = "Pods-TVShowsUITests.debug.xcconfig"; path = "Target Support Files/Pods-TVShowsUITests/Pods-TVShowsUITests.debug.xcconfig"; sourceTree = "<group>"; };
		C111FC1422D741EA0018CA11 /* Login.storyboard */ = {isa = PBXFileReference; lastKnownFileType = file.storyboard; path = Login.storyboard; sourceTree = "<group>"; };
		C111FC1622D742010018CA11 /* LoginViewController.swift */ = {isa = PBXFileReference; lastKnownFileType = sourcecode.swift; path = LoginViewController.swift; sourceTree = "<group>"; };
		C118886422DF0BF300E4DA74 /* PromiseKit+KeyPath.swift */ = {isa = PBXFileReference; lastKnownFileType = sourcecode.swift; path = "PromiseKit+KeyPath.swift"; sourceTree = "<group>"; };
		C173BCAC22E3389100034F09 /* TVShow.swift */ = {isa = PBXFileReference; lastKnownFileType = sourcecode.swift; path = TVShow.swift; sourceTree = "<group>"; };
		C173BCB222E4783F00034F09 /* ShowScreens.storyboard */ = {isa = PBXFileReference; lastKnownFileType = file.storyboard; path = ShowScreens.storyboard; sourceTree = "<group>"; };
		C173BCB422E4786300034F09 /* ShowDetailsViewController.swift */ = {isa = PBXFileReference; lastKnownFileType = sourcecode.swift; path = ShowDetailsViewController.swift; sourceTree = "<group>"; };
		C173BCB622E4946600034F09 /* TVShowTableViewEpisodeCell.swift */ = {isa = PBXFileReference; lastKnownFileType = sourcecode.swift; path = TVShowTableViewEpisodeCell.swift; sourceTree = "<group>"; };
		C173BCB922E4BD8400034F09 /* AddEpisodeScreen.storyboard */ = {isa = PBXFileReference; lastKnownFileType = file.storyboard; path = AddEpisodeScreen.storyboard; sourceTree = "<group>"; };
		C173BCBB22E4BDDD00034F09 /* AddEpViewController.swift */ = {isa = PBXFileReference; lastKnownFileType = sourcecode.swift; path = AddEpViewController.swift; sourceTree = "<group>"; };
		C17D631B22E7188C00519065 /* TVShowTableViewHeaderViewCell.swift */ = {isa = PBXFileReference; lastKnownFileType = sourcecode.swift; path = TVShowTableViewHeaderViewCell.swift; sourceTree = "<group>"; };
		C1C3371722CE5499000995D0 /* TVShows.app */ = {isa = PBXFileReference; explicitFileType = wrapper.application; includeInIndex = 0; path = TVShows.app; sourceTree = BUILT_PRODUCTS_DIR; };
		C1C3371A22CE5499000995D0 /* AppDelegate.swift */ = {isa = PBXFileReference; lastKnownFileType = sourcecode.swift; path = AppDelegate.swift; sourceTree = "<group>"; };
		C1C3372122CE549A000995D0 /* Assets.xcassets */ = {isa = PBXFileReference; lastKnownFileType = folder.assetcatalog; path = Assets.xcassets; sourceTree = "<group>"; };
		C1C3372422CE549A000995D0 /* Base */ = {isa = PBXFileReference; lastKnownFileType = file.storyboard; name = Base; path = Base.lproj/LaunchScreen.storyboard; sourceTree = "<group>"; };
		C1C3372622CE549A000995D0 /* Info.plist */ = {isa = PBXFileReference; lastKnownFileType = text.plist.xml; path = Info.plist; sourceTree = "<group>"; };
		C1D760B122DB4F3C0036DB76 /* User.swift */ = {isa = PBXFileReference; lastKnownFileType = sourcecode.swift; path = User.swift; sourceTree = "<group>"; };
		C1D760B422DB52F50036DB76 /* HomeScreen.storyboard */ = {isa = PBXFileReference; lastKnownFileType = file.storyboard; path = HomeScreen.storyboard; sourceTree = "<group>"; };
		C1D760B622DB53600036DB76 /* HomeScreenViewController.swift */ = {isa = PBXFileReference; lastKnownFileType = sourcecode.swift; path = HomeScreenViewController.swift; sourceTree = "<group>"; };
		C1FB35FB22EB1C59006DC45E /* ShowGridLayoutCell.xib */ = {isa = PBXFileReference; lastKnownFileType = file.xib; path = ShowGridLayoutCell.xib; sourceTree = "<group>"; };
		C1FB35FD22EB1CA5006DC45E /* ShowGridLayoutCell.swift */ = {isa = PBXFileReference; lastKnownFileType = sourcecode.swift; path = ShowGridLayoutCell.swift; sourceTree = "<group>"; };
		C1FB35FF22EB1ED5006DC45E /* ShowFlowLayoutCell.xib */ = {isa = PBXFileReference; lastKnownFileType = file.xib; path = ShowFlowLayoutCell.xib; sourceTree = "<group>"; };
		C1FB360122EB21C6006DC45E /* ShowFlowLayoutCell.swift */ = {isa = PBXFileReference; lastKnownFileType = sourcecode.swift; path = ShowFlowLayoutCell.swift; sourceTree = "<group>"; };
		C1FB360422EBC686006DC45E /* EpisodeScreen.storyboard */ = {isa = PBXFileReference; lastKnownFileType = file.storyboard; path = EpisodeScreen.storyboard; sourceTree = "<group>"; };
		C1FB360622EBC6B2006DC45E /* EpisodeScreenViewController.swift */ = {isa = PBXFileReference; lastKnownFileType = sourcecode.swift; path = EpisodeScreenViewController.swift; sourceTree = "<group>"; };
		C1FB360922ECCFEC006DC45E /* EpisodeComments.storyboard */ = {isa = PBXFileReference; lastKnownFileType = file.storyboard; path = EpisodeComments.storyboard; sourceTree = "<group>"; };
		C1FB360B22ECD015006DC45E /* EpisodeCommentsViewController.swift */ = {isa = PBXFileReference; lastKnownFileType = sourcecode.swift; path = EpisodeCommentsViewController.swift; sourceTree = "<group>"; };
		C1FB360F22ECD37B006DC45E /* EpisodeCommentCell.swift */ = {isa = PBXFileReference; lastKnownFileType = sourcecode.swift; path = EpisodeCommentCell.swift; sourceTree = "<group>"; };
/* End PBXFileReference section */

/* Begin PBXFrameworksBuildPhase section */
		C1C3371422CE5499000995D0 /* Frameworks */ = {
			isa = PBXFrameworksBuildPhase;
			buildActionMask = 2147483647;
			files = (
				06FF82FDBF6BCBCB7D13914E /* Pods_TVShows.framework in Frameworks */,
			);
			runOnlyForDeploymentPostprocessing = 0;
		};
/* End PBXFrameworksBuildPhase section */

/* Begin PBXGroup section */
		568E8B8AB5356B398D343AB3 /* Pods */ = {
			isa = PBXGroup;
			children = (
				A5FB2DC866CDDD02721968C3 /* Pods-TVShows.debug.xcconfig */,
				06A6A8193B541B073ADDC8FE /* Pods-TVShows.release.xcconfig */,
				BBC9D388F885D997E723BE48 /* Pods-TVShowsUITests.debug.xcconfig */,
				0FC03C0170E43B43DD33AE8C /* Pods-TVShowsUITests.release.xcconfig */,
			);
			path = Pods;
			sourceTree = "<group>";
		};
		5FCC85302EBDF6993FA6D567 /* Frameworks */ = {
			isa = PBXGroup;
			children = (
				2E84454A641FB7D1B88A12D2 /* Pods_TVShows.framework */,
				5CC16744E623B232AEE53533 /* Pods_TVShowsUITests.framework */,
			);
			name = Frameworks;
			sourceTree = "<group>";
		};
		C118886322DF0BD100E4DA74 /* Common */ = {
			isa = PBXGroup;
			children = (
				C118886422DF0BF300E4DA74 /* PromiseKit+KeyPath.swift */,
			);
			path = Common;
			sourceTree = "<group>";
		};
		C173BCAE22E35F1200034F09 /* Cells */ = {
			isa = PBXGroup;
			children = (
				C173BCB622E4946600034F09 /* TVShowTableViewEpisodeCell.swift */,
				C17D631B22E7188C00519065 /* TVShowTableViewHeaderViewCell.swift */,
				C1FB35FB22EB1C59006DC45E /* ShowGridLayoutCell.xib */,
				C1FB35FD22EB1CA5006DC45E /* ShowGridLayoutCell.swift */,
				C1FB35FF22EB1ED5006DC45E /* ShowFlowLayoutCell.xib */,
				C1FB360122EB21C6006DC45E /* ShowFlowLayoutCell.swift */,
				C1FB360F22ECD37B006DC45E /* EpisodeCommentCell.swift */,
			);
			path = Cells;
			sourceTree = "<group>";
		};
		C173BCB122E477F500034F09 /* ShowInfo */ = {
			isa = PBXGroup;
			children = (
				C173BCAC22E3389100034F09 /* TVShow.swift */,
				C173BCB222E4783F00034F09 /* ShowScreens.storyboard */,
				C173BCB422E4786300034F09 /* ShowDetailsViewController.swift */,
			);
			path = ShowInfo;
			sourceTree = "<group>";
		};
		C173BCB822E4BD3400034F09 /* AddEpisodeScreen */ = {
			isa = PBXGroup;
			children = (
				C173BCB922E4BD8400034F09 /* AddEpisodeScreen.storyboard */,
				C173BCBB22E4BDDD00034F09 /* AddEpViewController.swift */,
			);
			path = AddEpisodeScreen;
			sourceTree = "<group>";
		};
		C1C3370E22CE5499000995D0 = {
			isa = PBXGroup;
			children = (
				C1C3371922CE5499000995D0 /* TVShows */,
				C1C3371822CE5499000995D0 /* Products */,
				568E8B8AB5356B398D343AB3 /* Pods */,
				5FCC85302EBDF6993FA6D567 /* Frameworks */,
			);
			sourceTree = "<group>";
		};
		C1C3371822CE5499000995D0 /* Products */ = {
			isa = PBXGroup;
			children = (
				C1C3371722CE5499000995D0 /* TVShows.app */,
			);
			name = Products;
			sourceTree = "<group>";
		};
		C1C3371922CE5499000995D0 /* TVShows */ = {
			isa = PBXGroup;
			children = (
				C118886322DF0BD100E4DA74 /* Common */,
				C1D760B022DB3B550036DB76 /* SupportingFiles */,
				C1D760AF22DB39E50036DB76 /* Modules */,
				C1D760AE22DB39D20036DB76 /* Application */,
				C1C3372622CE549A000995D0 /* Info.plist */,
				C1D760A322D898920036DB76 /* Resources */,
			);
			path = TVShows;
			sourceTree = "<group>";
		};
		C1C3373C22CF8F84000995D0 /* Login */ = {
			isa = PBXGroup;
			children = (
				C111FC1422D741EA0018CA11 /* Login.storyboard */,
				C111FC1622D742010018CA11 /* LoginViewController.swift */,
				C1D760B122DB4F3C0036DB76 /* User.swift */,
			);
			path = Login;
			sourceTree = "<group>";
		};
		C1D760A322D898920036DB76 /* Resources */ = {
			isa = PBXGroup;
			children = (
				C1C3372122CE549A000995D0 /* Assets.xcassets */,
			);
			path = Resources;
			sourceTree = "<group>";
		};
		C1D760AE22DB39D20036DB76 /* Application */ = {
			isa = PBXGroup;
			children = (
				C1C3371A22CE5499000995D0 /* AppDelegate.swift */,
			);
			path = Application;
			sourceTree = "<group>";
		};
		C1D760AF22DB39E50036DB76 /* Modules */ = {
			isa = PBXGroup;
			children = (
				C1FB360822ECCF95006DC45E /* EpisodeComments */,
				C1FB360322EBC302006DC45E /* EpisodeScreen */,
				C173BCB822E4BD3400034F09 /* AddEpisodeScreen */,
				C173BCB122E477F500034F09 /* ShowInfo */,
				C173BCAE22E35F1200034F09 /* Cells */,
				C1D760B322DB527C0036DB76 /* HomeScreen */,
				C1C3373C22CF8F84000995D0 /* Login */,
			);
			path = Modules;
			sourceTree = "<group>";
		};
		C1D760B022DB3B550036DB76 /* SupportingFiles */ = {
			isa = PBXGroup;
			children = (
				C1C3372322CE549A000995D0 /* LaunchScreen.storyboard */,
			);
			path = SupportingFiles;
			sourceTree = "<group>";
		};
		C1D760B322DB527C0036DB76 /* HomeScreen */ = {
			isa = PBXGroup;
			children = (
				C1D760B422DB52F50036DB76 /* HomeScreen.storyboard */,
				C1D760B622DB53600036DB76 /* HomeScreenViewController.swift */,
			);
			path = HomeScreen;
			sourceTree = "<group>";
		};
		C1FB360322EBC302006DC45E /* EpisodeScreen */ = {
			isa = PBXGroup;
			children = (
				C1FB360422EBC686006DC45E /* EpisodeScreen.storyboard */,
				C1FB360622EBC6B2006DC45E /* EpisodeScreenViewController.swift */,
			);
			path = EpisodeScreen;
			sourceTree = "<group>";
		};
		C1FB360822ECCF95006DC45E /* EpisodeComments */ = {
			isa = PBXGroup;
			children = (
				C1FB360922ECCFEC006DC45E /* EpisodeComments.storyboard */,
				C1FB360B22ECD015006DC45E /* EpisodeCommentsViewController.swift */,
			);
			path = EpisodeComments;
			sourceTree = "<group>";
		};
/* End PBXGroup section */

/* Begin PBXNativeTarget section */
		C1C3371622CE5499000995D0 /* TVShows */ = {
			isa = PBXNativeTarget;
			buildConfigurationList = C1C3373422CE549A000995D0 /* Build configuration list for PBXNativeTarget "TVShows" */;
			buildPhases = (
				D03F816481C2C93A3FD9FC74 /* [CP] Check Pods Manifest.lock */,
				C1C3371322CE5499000995D0 /* Sources */,
				C1C3371422CE5499000995D0 /* Frameworks */,
				C1C3371522CE5499000995D0 /* Resources */,
				13F2EF8767412C634E4F7D32 /* [CP] Embed Pods Frameworks */,
			);
			buildRules = (
			);
			dependencies = (
			);
			name = TVShows;
			productName = TVShows;
			productReference = C1C3371722CE5499000995D0 /* TVShows.app */;
			productType = "com.apple.product-type.application";
		};
/* End PBXNativeTarget section */

/* Begin PBXProject section */
		C1C3370F22CE5499000995D0 /* Project object */ = {
			isa = PBXProject;
			attributes = {
				LastSwiftUpdateCheck = 1020;
				LastUpgradeCheck = 1020;
				ORGANIZATIONNAME = "Infinum Academy";
				TargetAttributes = {
					C1C3371622CE5499000995D0 = {
						CreatedOnToolsVersion = 10.2.1;
					};
				};
			};
			buildConfigurationList = C1C3371222CE5499000995D0 /* Build configuration list for PBXProject "TVShows" */;
			compatibilityVersion = "Xcode 9.3";
			developmentRegion = en;
			hasScannedForEncodings = 0;
			knownRegions = (
				en,
				Base,
			);
			mainGroup = C1C3370E22CE5499000995D0;
			productRefGroup = C1C3371822CE5499000995D0 /* Products */;
			projectDirPath = "";
			projectRoot = "";
			targets = (
				C1C3371622CE5499000995D0 /* TVShows */,
			);
		};
/* End PBXProject section */

/* Begin PBXResourcesBuildPhase section */
		C1C3371522CE5499000995D0 /* Resources */ = {
			isa = PBXResourcesBuildPhase;
			buildActionMask = 2147483647;
			files = (
				C111FC1522D741EA0018CA11 /* Login.storyboard in Resources */,
				C1FB360522EBC686006DC45E /* EpisodeScreen.storyboard in Resources */,
				C1FB360A22ECCFEC006DC45E /* EpisodeComments.storyboard in Resources */,
				C1D760B522DB52F50036DB76 /* HomeScreen.storyboard in Resources */,
				C1FB35FC22EB1C59006DC45E /* ShowGridLayoutCell.xib in Resources */,
				C1C3372522CE549A000995D0 /* LaunchScreen.storyboard in Resources */,
				C173BCB322E4783F00034F09 /* ShowScreens.storyboard in Resources */,
				C173BCBA22E4BD8400034F09 /* AddEpisodeScreen.storyboard in Resources */,
				C1FB360022EB1ED5006DC45E /* ShowFlowLayoutCell.xib in Resources */,
				C1C3372222CE549A000995D0 /* Assets.xcassets in Resources */,
			);
			runOnlyForDeploymentPostprocessing = 0;
		};
/* End PBXResourcesBuildPhase section */

/* Begin PBXShellScriptBuildPhase section */
		13F2EF8767412C634E4F7D32 /* [CP] Embed Pods Frameworks */ = {
			isa = PBXShellScriptBuildPhase;
			buildActionMask = 2147483647;
			files = (
			);
			inputFileListPaths = (
			);
			inputPaths = (
				"${PODS_ROOT}/Target Support Files/Pods-TVShows/Pods-TVShows-frameworks.sh",
				"${BUILT_PRODUCTS_DIR}/Alamofire/Alamofire.framework",
				"${BUILT_PRODUCTS_DIR}/CodableAlamofire/CodableAlamofire.framework",
				"${BUILT_PRODUCTS_DIR}/Keychain/Keychain.framework",
				"${BUILT_PRODUCTS_DIR}/Kingfisher/Kingfisher.framework",
				"${BUILT_PRODUCTS_DIR}/PromiseKit/PromiseKit.framework",
				"${BUILT_PRODUCTS_DIR}/SVProgressHUD/SVProgressHUD.framework",
			);
			name = "[CP] Embed Pods Frameworks";
			outputFileListPaths = (
			);
			outputPaths = (
				"${TARGET_BUILD_DIR}/${FRAMEWORKS_FOLDER_PATH}/Alamofire.framework",
				"${TARGET_BUILD_DIR}/${FRAMEWORKS_FOLDER_PATH}/CodableAlamofire.framework",
				"${TARGET_BUILD_DIR}/${FRAMEWORKS_FOLDER_PATH}/Keychain.framework",
				"${TARGET_BUILD_DIR}/${FRAMEWORKS_FOLDER_PATH}/Kingfisher.framework",
				"${TARGET_BUILD_DIR}/${FRAMEWORKS_FOLDER_PATH}/PromiseKit.framework",
				"${TARGET_BUILD_DIR}/${FRAMEWORKS_FOLDER_PATH}/SVProgressHUD.framework",
			);
			runOnlyForDeploymentPostprocessing = 0;
			shellPath = /bin/sh;
			shellScript = "\"${PODS_ROOT}/Target Support Files/Pods-TVShows/Pods-TVShows-frameworks.sh\"\n";
			showEnvVarsInLog = 0;
		};
		D03F816481C2C93A3FD9FC74 /* [CP] Check Pods Manifest.lock */ = {
			isa = PBXShellScriptBuildPhase;
			buildActionMask = 2147483647;
			files = (
			);
			inputFileListPaths = (
			);
			inputPaths = (
				"${PODS_PODFILE_DIR_PATH}/Podfile.lock",
				"${PODS_ROOT}/Manifest.lock",
			);
			name = "[CP] Check Pods Manifest.lock";
			outputFileListPaths = (
			);
			outputPaths = (
				"$(DERIVED_FILE_DIR)/Pods-TVShows-checkManifestLockResult.txt",
			);
			runOnlyForDeploymentPostprocessing = 0;
			shellPath = /bin/sh;
			shellScript = "diff \"${PODS_PODFILE_DIR_PATH}/Podfile.lock\" \"${PODS_ROOT}/Manifest.lock\" > /dev/null\nif [ $? != 0 ] ; then\n    # print error to STDERR\n    echo \"error: The sandbox is not in sync with the Podfile.lock. Run 'pod install' or update your CocoaPods installation.\" >&2\n    exit 1\nfi\n# This output is used by Xcode 'outputs' to avoid re-running this script phase.\necho \"SUCCESS\" > \"${SCRIPT_OUTPUT_FILE_0}\"\n";
			showEnvVarsInLog = 0;
		};
/* End PBXShellScriptBuildPhase section */

/* Begin PBXSourcesBuildPhase section */
		C1C3371322CE5499000995D0 /* Sources */ = {
			isa = PBXSourcesBuildPhase;
			buildActionMask = 2147483647;
			files = (
				C173BCB722E4946600034F09 /* TVShowTableViewEpisodeCell.swift in Sources */,
				C173BCB522E4786300034F09 /* ShowDetailsViewController.swift in Sources */,
				C173BCAD22E3389100034F09 /* TVShow.swift in Sources */,
				C111FC1722D742010018CA11 /* LoginViewController.swift in Sources */,
				C118886522DF0BF300E4DA74 /* PromiseKit+KeyPath.swift in Sources */,
				C1FB361022ECD37B006DC45E /* EpisodeCommentCell.swift in Sources */,
				C1D760B722DB53600036DB76 /* HomeScreenViewController.swift in Sources */,
				C173BCBC22E4BDDD00034F09 /* AddEpViewController.swift in Sources */,
				C1FB35FE22EB1CA5006DC45E /* ShowGridLayoutCell.swift in Sources */,
				C1FB360722EBC6B2006DC45E /* EpisodeScreenViewController.swift in Sources */,
				C1FB360222EB21C6006DC45E /* ShowFlowLayoutCell.swift in Sources */,
				C1C3371B22CE5499000995D0 /* AppDelegate.swift in Sources */,
				C1D760B222DB4F3C0036DB76 /* User.swift in Sources */,
				C1FB360C22ECD015006DC45E /* EpisodeCommentsViewController.swift in Sources */,
				C17D631C22E7188C00519065 /* TVShowTableViewHeaderViewCell.swift in Sources */,
			);
			runOnlyForDeploymentPostprocessing = 0;
		};
/* End PBXSourcesBuildPhase section */

/* Begin PBXVariantGroup section */
		C1C3372322CE549A000995D0 /* LaunchScreen.storyboard */ = {
			isa = PBXVariantGroup;
			children = (
				C1C3372422CE549A000995D0 /* Base */,
			);
			name = LaunchScreen.storyboard;
			sourceTree = "<group>";
		};
/* End PBXVariantGroup section */

/* Begin XCBuildConfiguration section */
		C1C3373222CE549A000995D0 /* Debug */ = {
			isa = XCBuildConfiguration;
			buildSettings = {
				ALWAYS_SEARCH_USER_PATHS = NO;
				CLANG_ANALYZER_NONNULL = YES;
				CLANG_ANALYZER_NUMBER_OBJECT_CONVERSION = YES_AGGRESSIVE;
				CLANG_CXX_LANGUAGE_STANDARD = "gnu++14";
				CLANG_CXX_LIBRARY = "libc++";
				CLANG_ENABLE_MODULES = YES;
				CLANG_ENABLE_OBJC_ARC = YES;
				CLANG_ENABLE_OBJC_WEAK = YES;
				CLANG_WARN_BLOCK_CAPTURE_AUTORELEASING = YES;
				CLANG_WARN_BOOL_CONVERSION = YES;
				CLANG_WARN_COMMA = YES;
				CLANG_WARN_CONSTANT_CONVERSION = YES;
				CLANG_WARN_DEPRECATED_OBJC_IMPLEMENTATIONS = YES;
				CLANG_WARN_DIRECT_OBJC_ISA_USAGE = YES_ERROR;
				CLANG_WARN_DOCUMENTATION_COMMENTS = YES;
				CLANG_WARN_EMPTY_BODY = YES;
				CLANG_WARN_ENUM_CONVERSION = YES;
				CLANG_WARN_INFINITE_RECURSION = YES;
				CLANG_WARN_INT_CONVERSION = YES;
				CLANG_WARN_NON_LITERAL_NULL_CONVERSION = YES;
				CLANG_WARN_OBJC_IMPLICIT_RETAIN_SELF = YES;
				CLANG_WARN_OBJC_LITERAL_CONVERSION = YES;
				CLANG_WARN_OBJC_ROOT_CLASS = YES_ERROR;
				CLANG_WARN_RANGE_LOOP_ANALYSIS = YES;
				CLANG_WARN_STRICT_PROTOTYPES = YES;
				CLANG_WARN_SUSPICIOUS_MOVE = YES;
				CLANG_WARN_UNGUARDED_AVAILABILITY = YES_AGGRESSIVE;
				CLANG_WARN_UNREACHABLE_CODE = YES;
				CLANG_WARN__DUPLICATE_METHOD_MATCH = YES;
				CODE_SIGN_IDENTITY = "iPhone Developer";
				COPY_PHASE_STRIP = NO;
				DEBUG_INFORMATION_FORMAT = dwarf;
				ENABLE_STRICT_OBJC_MSGSEND = YES;
				ENABLE_TESTABILITY = YES;
				GCC_C_LANGUAGE_STANDARD = gnu11;
				GCC_DYNAMIC_NO_PIC = NO;
				GCC_NO_COMMON_BLOCKS = YES;
				GCC_OPTIMIZATION_LEVEL = 0;
				GCC_PREPROCESSOR_DEFINITIONS = (
					"DEBUG=1",
					"$(inherited)",
				);
				GCC_WARN_64_TO_32_BIT_CONVERSION = YES;
				GCC_WARN_ABOUT_RETURN_TYPE = YES_ERROR;
				GCC_WARN_UNDECLARED_SELECTOR = YES;
				GCC_WARN_UNINITIALIZED_AUTOS = YES_AGGRESSIVE;
				GCC_WARN_UNUSED_FUNCTION = YES;
				GCC_WARN_UNUSED_VARIABLE = YES;
				IPHONEOS_DEPLOYMENT_TARGET = 12.2;
				MTL_ENABLE_DEBUG_INFO = INCLUDE_SOURCE;
				MTL_FAST_MATH = YES;
				ONLY_ACTIVE_ARCH = YES;
				SDKROOT = iphoneos;
				SWIFT_ACTIVE_COMPILATION_CONDITIONS = DEBUG;
				SWIFT_OPTIMIZATION_LEVEL = "-Onone";
			};
			name = Debug;
		};
		C1C3373322CE549A000995D0 /* Release */ = {
			isa = XCBuildConfiguration;
			buildSettings = {
				ALWAYS_SEARCH_USER_PATHS = NO;
				CLANG_ANALYZER_NONNULL = YES;
				CLANG_ANALYZER_NUMBER_OBJECT_CONVERSION = YES_AGGRESSIVE;
				CLANG_CXX_LANGUAGE_STANDARD = "gnu++14";
				CLANG_CXX_LIBRARY = "libc++";
				CLANG_ENABLE_MODULES = YES;
				CLANG_ENABLE_OBJC_ARC = YES;
				CLANG_ENABLE_OBJC_WEAK = YES;
				CLANG_WARN_BLOCK_CAPTURE_AUTORELEASING = YES;
				CLANG_WARN_BOOL_CONVERSION = YES;
				CLANG_WARN_COMMA = YES;
				CLANG_WARN_CONSTANT_CONVERSION = YES;
				CLANG_WARN_DEPRECATED_OBJC_IMPLEMENTATIONS = YES;
				CLANG_WARN_DIRECT_OBJC_ISA_USAGE = YES_ERROR;
				CLANG_WARN_DOCUMENTATION_COMMENTS = YES;
				CLANG_WARN_EMPTY_BODY = YES;
				CLANG_WARN_ENUM_CONVERSION = YES;
				CLANG_WARN_INFINITE_RECURSION = YES;
				CLANG_WARN_INT_CONVERSION = YES;
				CLANG_WARN_NON_LITERAL_NULL_CONVERSION = YES;
				CLANG_WARN_OBJC_IMPLICIT_RETAIN_SELF = YES;
				CLANG_WARN_OBJC_LITERAL_CONVERSION = YES;
				CLANG_WARN_OBJC_ROOT_CLASS = YES_ERROR;
				CLANG_WARN_RANGE_LOOP_ANALYSIS = YES;
				CLANG_WARN_STRICT_PROTOTYPES = YES;
				CLANG_WARN_SUSPICIOUS_MOVE = YES;
				CLANG_WARN_UNGUARDED_AVAILABILITY = YES_AGGRESSIVE;
				CLANG_WARN_UNREACHABLE_CODE = YES;
				CLANG_WARN__DUPLICATE_METHOD_MATCH = YES;
				CODE_SIGN_IDENTITY = "iPhone Developer";
				COPY_PHASE_STRIP = NO;
				DEBUG_INFORMATION_FORMAT = "dwarf-with-dsym";
				ENABLE_NS_ASSERTIONS = NO;
				ENABLE_STRICT_OBJC_MSGSEND = YES;
				GCC_C_LANGUAGE_STANDARD = gnu11;
				GCC_NO_COMMON_BLOCKS = YES;
				GCC_WARN_64_TO_32_BIT_CONVERSION = YES;
				GCC_WARN_ABOUT_RETURN_TYPE = YES_ERROR;
				GCC_WARN_UNDECLARED_SELECTOR = YES;
				GCC_WARN_UNINITIALIZED_AUTOS = YES_AGGRESSIVE;
				GCC_WARN_UNUSED_FUNCTION = YES;
				GCC_WARN_UNUSED_VARIABLE = YES;
				IPHONEOS_DEPLOYMENT_TARGET = 12.2;
				MTL_ENABLE_DEBUG_INFO = NO;
				MTL_FAST_MATH = YES;
				SDKROOT = iphoneos;
				SWIFT_COMPILATION_MODE = wholemodule;
				SWIFT_OPTIMIZATION_LEVEL = "-O";
				VALIDATE_PRODUCT = YES;
			};
			name = Release;
		};
		C1C3373522CE549A000995D0 /* Debug */ = {
			isa = XCBuildConfiguration;
			baseConfigurationReference = A5FB2DC866CDDD02721968C3 /* Pods-TVShows.debug.xcconfig */;
			buildSettings = {
				ASSETCATALOG_COMPILER_APPICON_NAME = AppIcon;
				CODE_SIGN_STYLE = Automatic;
				DEVELOPMENT_TEAM = JC75X593SA;
				INFOPLIST_FILE = TVShows/Info.plist;
				LD_RUNPATH_SEARCH_PATHS = (
					"$(inherited)",
					"@executable_path/Frameworks",
				);
				PRODUCT_BUNDLE_IDENTIFIER = com.infinumacademy.TVShows;
				PRODUCT_NAME = "$(TARGET_NAME)";
				SWIFT_VERSION = 5.0;
				TARGETED_DEVICE_FAMILY = "1,2";
			};
			name = Debug;
		};
		C1C3373622CE549A000995D0 /* Release */ = {
			isa = XCBuildConfiguration;
			baseConfigurationReference = 06A6A8193B541B073ADDC8FE /* Pods-TVShows.release.xcconfig */;
			buildSettings = {
				ASSETCATALOG_COMPILER_APPICON_NAME = AppIcon;
				CODE_SIGN_STYLE = Automatic;
				DEVELOPMENT_TEAM = JC75X593SA;
				INFOPLIST_FILE = TVShows/Info.plist;
				LD_RUNPATH_SEARCH_PATHS = (
					"$(inherited)",
					"@executable_path/Frameworks",
				);
				PRODUCT_BUNDLE_IDENTIFIER = com.infinumacademy.TVShows;
				PRODUCT_NAME = "$(TARGET_NAME)";
				SWIFT_VERSION = 5.0;
				TARGETED_DEVICE_FAMILY = "1,2";
			};
			name = Release;
		};
/* End XCBuildConfiguration section */

/* Begin XCConfigurationList section */
		C1C3371222CE5499000995D0 /* Build configuration list for PBXProject "TVShows" */ = {
			isa = XCConfigurationList;
			buildConfigurations = (
				C1C3373222CE549A000995D0 /* Debug */,
				C1C3373322CE549A000995D0 /* Release */,
			);
			defaultConfigurationIsVisible = 0;
			defaultConfigurationName = Release;
		};
		C1C3373422CE549A000995D0 /* Build configuration list for PBXNativeTarget "TVShows" */ = {
			isa = XCConfigurationList;
			buildConfigurations = (
				C1C3373522CE549A000995D0 /* Debug */,
				C1C3373622CE549A000995D0 /* Release */,
			);
			defaultConfigurationIsVisible = 0;
			defaultConfigurationName = Release;
		};
/* End XCConfigurationList section */
	};
	rootObject = C1C3370F22CE5499000995D0 /* Project object */;
}
